
Microsoft Visual Studio Solution File, Format Version 12.00
# Visual Studio 15
VisualStudioVersion = 15.0.28307.168
MinimumVisualStudioVersion = 10.0.40219.1
Project("{FAE04EC0-301F-11D3-BF4B-00C04F79EFBC}") = "DeleteMe_Test001", "DeleteMe_Test001\DeleteMe_Test001.csproj", "{9AA53EBC-8102-4927-ABBE-6F88BDB0243B}"
EndProject
Global
	GlobalSection(SolutionConfigurationPlatforms) = preSolution
		Debug|Any CPU = Debug|Any CPU
		Release|Any CPU = Release|Any CPU
	EndGlobalSection
	GlobalSection(ProjectConfigurationPlatforms) = postSolution
		{9AA53EBC-8102-4927-ABBE-6F88BDB0243B}.Debug|Any CPU.ActiveCfg = Debug|Any CPU
		{9AA53EBC-8102-4927-ABBE-6F88BDB0243B}.Debug|Any CPU.Build.0 = Debug|Any CPU
		{9AA53EBC-8102-4927-ABBE-6F88BDB0243B}.Release|Any CPU.ActiveCfg = Release|Any CPU
		{9AA53EBC-8102-4927-ABBE-6F88BDB0243B}.Release|Any CPU.Build.0 = Release|Any CPU
	EndGlobalSection
	GlobalSection(SolutionProperties) = preSolution
		HideSolutionNode = FALSE
	EndGlobalSection
	GlobalSection(ExtensibilityGlobals) = postSolution
		SolutionGuid = {CB3D7490-E97B-400D-A575-2EAC1799A06E}
	EndGlobalSection
EndGlobal
